
Microsoft Visual Studio Solution File, Format Version 12.00
# Visual Studio Version 17
VisualStudioVersion = 17.4.33122.133
MinimumVisualStudioVersion = 10.0.40219.1
Project("{FAE04EC0-301F-11D3-BF4B-00C04F79EFBC}") = "commentSQL_API", "commentSQL_API\commentSQL_API.csproj", "{10BC696A-C570-4679-99BE-8E4B092F38F3}"
EndProject
Global
	GlobalSection(SolutionConfigurationPlatforms) = preSolution
		Debug|Any CPU = Debug|Any CPU
		Release|Any CPU = Release|Any CPU
	EndGlobalSection
	GlobalSection(ProjectConfigurationPlatforms) = postSolution
		{10BC696A-C570-4679-99BE-8E4B092F38F3}.Debug|Any CPU.ActiveCfg = Debug|Any CPU
		{10BC696A-C570-4679-99BE-8E4B092F38F3}.Debug|Any CPU.Build.0 = Debug|Any CPU
		{10BC696A-C570-4679-99BE-8E4B092F38F3}.Release|Any CPU.ActiveCfg = Release|Any CPU
		{10BC696A-C570-4679-99BE-8E4B092F38F3}.Release|Any CPU.Build.0 = Release|Any CPU
	EndGlobalSection
	GlobalSection(SolutionProperties) = preSolution
		HideSolutionNode = FALSE
	EndGlobalSection
	GlobalSection(ExtensibilityGlobals) = postSolution
		SolutionGuid = {29FCE714-3EEF-45F3-AD37-0BFC7EF7B484}
	EndGlobalSection
EndGlobal
